// !$*UTF8*$!
{
	archiveVersion = 1;
	classes = {
	};
	objectVersion = 50;
	objects = {

/* Begin PBXBuildFile section */
		A1D09C37241532B7003C753D /* AppDelegate.swift in Sources */ = {isa = PBXBuildFile; fileRef = A1D09C36241532B7003C753D /* AppDelegate.swift */; };
		A1D09C39241532B7003C753D /* SceneDelegate.swift in Sources */ = {isa = PBXBuildFile; fileRef = A1D09C38241532B7003C753D /* SceneDelegate.swift */; };
		A1D09C3B241532B7003C753D /* ContentView.swift in Sources */ = {isa = PBXBuildFile; fileRef = A1D09C3A241532B7003C753D /* ContentView.swift */; };
		A1D09C3D241532B8003C753D /* Assets.xcassets in Resources */ = {isa = PBXBuildFile; fileRef = A1D09C3C241532B8003C753D /* Assets.xcassets */; };
		A1D09C40241532B8003C753D /* Preview Assets.xcassets in Resources */ = {isa = PBXBuildFile; fileRef = A1D09C3F241532B8003C753D /* Preview Assets.xcassets */; };
		A1D09C43241532B8003C753D /* LaunchScreen.storyboard in Resources */ = {isa = PBXBuildFile; fileRef = A1D09C41241532B8003C753D /* LaunchScreen.storyboard */; };
/* End PBXBuildFile section */

/* Begin PBXFileReference section */
		A1D09C33241532B7003C753D /* CupcakeCorner_10.app */ = {isa = PBXFileReference; explicitFileType = wrapper.application; includeInIndex = 0; path = CupcakeCorner_10.app; sourceTree = BUILT_PRODUCTS_DIR; };
		A1D09C36241532B7003C753D /* AppDelegate.swift */ = {isa = PBXFileReference; lastKnownFileType = sourcecode.swift; path = AppDelegate.swift; sourceTree = "<group>"; };
		A1D09C38241532B7003C753D /* SceneDelegate.swift */ = {isa = PBXFileReference; lastKnownFileType = sourcecode.swift; path = SceneDelegate.swift; sourceTree = "<group>"; };
		A1D09C3A241532B7003C753D /* ContentView.swift */ = {isa = PBXFileReference; lastKnownFileType = sourcecode.swift; path = ContentView.swift; sourceTree = "<group>"; };
		A1D09C3C241532B8003C753D /* Assets.xcassets */ = {isa = PBXFileReference; lastKnownFileType = folder.assetcatalog; path = Assets.xcassets; sourceTree = "<group>"; };
		A1D09C3F241532B8003C753D /* Preview Assets.xcassets */ = {isa = PBXFileReference; lastKnownFileType = folder.assetcatalog; path = "Preview Assets.xcassets"; sourceTree = "<group>"; };
		A1D09C42241532B8003C753D /* Base */ = {isa = PBXFileReference; lastKnownFileType = file.storyboard; name = Base; path = Base.lproj/LaunchScreen.storyboard; sourceTree = "<group>"; };
		A1D09C44241532B8003C753D /* Info.plist */ = {isa = PBXFileReference; lastKnownFileType = text.plist.xml; path = Info.plist; sourceTree = "<group>"; };
/* End PBXFileReference section */

/* Begin PBXFrameworksBuildPhase section */
		A1D09C30241532B7003C753D /* Frameworks */ = {
			isa = PBXFrameworksBuildPhase;
			buildActionMask = 2147483647;
			files = (
			);
			runOnlyForDeploymentPostprocessing = 0;
		};
/* End PBXFrameworksBuildPhase section */

/* Begin PBXGroup section */
		A1D09C2A241532B7003C753D = {
			isa = PBXGroup;
			children = (
				A1D09C35241532B7003C753D /* CupcakeCorner_10 */,
				A1D09C34241532B7003C753D /* Products */,
			);
			sourceTree = "<group>";
		};
		A1D09C34241532B7003C753D /* Products */ = {
			isa = PBXGroup;
			children = (
				A1D09C33241532B7003C753D /* CupcakeCorner_10.app */,
			);
			name = Products;
			sourceTree = "<group>";
		};
		A1D09C35241532B7003C753D /* CupcakeCorner_10 */ = {
			isa = PBXGroup;
			children = (
				A1D09C36241532B7003C753D /* AppDelegate.swift */,
				A1D09C38241532B7003C753D /* SceneDelegate.swift */,
				A1D09C3A241532B7003C753D /* ContentView.swift */,
				A1D09C3C241532B8003C753D /* Assets.xcassets */,
				A1D09C41241532B8003C753D /* LaunchScreen.storyboard */,
				A1D09C44241532B8003C753D /* Info.plist */,
				A1D09C3E241532B8003C753D /* Preview Content */,
			);
			path = CupcakeCorner_10;
			sourceTree = "<group>";
		};
		A1D09C3E241532B8003C753D /* Preview Content */ = {
			isa = PBXGroup;
			children = (
				A1D09C3F241532B8003C753D /* Preview Assets.xcassets */,
			);
			path = "Preview Content";
			sourceTree = "<group>";
		};
/* End PBXGroup section */

/* Begin PBXNativeTarget section */
		A1D09C32241532B7003C753D /* CupcakeCorner_10 */ = {
			isa = PBXNativeTarget;
			buildConfigurationList = A1D09C47241532B8003C753D /* Build configuration list for PBXNativeTarget "CupcakeCorner_10" */;
			buildPhases = (
				A1D09C2F241532B7003C753D /* Sources */,
				A1D09C30241532B7003C753D /* Frameworks */,
				A1D09C31241532B7003C753D /* Resources */,
			);
			buildRules = (
			);
			dependencies = (
			);
			name = CupcakeCorner_10;
			productName = CupcakeCorner_10;
			productReference = A1D09C33241532B7003C753D /* CupcakeCorner_10.app */;
			productType = "com.apple.product-type.application";
		};
/* End PBXNativeTarget section */

/* Begin PBXProject section */
		A1D09C2B241532B7003C753D /* Project object */ = {
			isa = PBXProject;
			attributes = {
				LastSwiftUpdateCheck = 1130;
				LastUpgradeCheck = 1130;
				ORGANIZATIONNAME = kun;
				TargetAttributes = {
					A1D09C32241532B7003C753D = {
						CreatedOnToolsVersion = 11.3.1;
					};
				};
			};
			buildConfigurationList = A1D09C2E241532B7003C753D /* Build configuration list for PBXProject "CupcakeCorner_10" */;
			compatibilityVersion = "Xcode 9.3";
			developmentRegion = en;
			hasScannedForEncodings = 0;
			knownRegions = (
				en,
				Base,
			);
			mainGroup = A1D09C2A241532B7003C753D;
			productRefGroup = A1D09C34241532B7003C753D /* Products */;
			projectDirPath = "";
			projectRoot = "";
			targets = (
				A1D09C32241532B7003C753D /* CupcakeCorner_10 */,
			);
		};
/* End PBXProject section */

/* Begin PBXResourcesBuildPhase section */
		A1D09C31241532B7003C753D /* Resources */ = {
			isa = PBXResourcesBuildPhase;
			buildActionMask = 2147483647;
			files = (
				A1D09C43241532B8003C753D /* LaunchScreen.storyboard in Resources */,
				A1D09C40241532B8003C753D /* Preview Assets.xcassets in Resources */,
				A1D09C3D241532B8003C753D /* Assets.xcassets in Resources */,
			);
			runOnlyForDeploymentPostprocessing = 0;
		};
/* End PBXResourcesBuildPhase section */

/* Begin PBXSourcesBuildPhase section */
		A1D09C2F241532B7003C753D /* Sources */ = {
			isa = PBXSourcesBuildPhase;
			buildActionMask = 2147483647;
			files = (
				A1D09C37241532B7003C753D /* AppDelegate.swift in Sources */,
				A1D09C39241532B7003C753D /* SceneDelegate.swift in Sources */,
				A1D09C3B241532B7003C753D /* ContentView.swift in Sources */,
			);
			runOnlyForDeploymentPostprocessing = 0;
		};
/* End PBXSourcesBuildPhase section */

/* Begin PBXVariantGroup section */
		A1D09C41241532B8003C753D /* LaunchScreen.storyboard */ = {
			isa = PBXVariantGroup;
			children = (
				A1D09C42241532B8003C753D /* Base */,
			);
			name = LaunchScreen.storyboard;
			sourceTree = "<group>";
		};
/* End PBXVariantGroup section */

/* Begin XCBuildConfiguration section */
		A1D09C45241532B8003C753D /* Debug */ = {
			isa = XCBuildConfiguration;
			buildSettings = {
				ALWAYS_SEARCH_USER_PATHS = NO;
				CLANG_ANALYZER_NONNULL = YES;
				CLANG_ANALYZER_NUMBER_OBJECT_CONVERSION = YES_AGGRESSIVE;
				CLANG_CXX_LANGUAGE_STANDARD = "gnu++14";
				CLANG_CXX_LIBRARY = "libc++";
				CLANG_ENABLE_MODULES = YES;
				CLANG_ENABLE_OBJC_ARC = YES;
				CLANG_ENABLE_OBJC_WEAK = YES;
				CLANG_WARN_BLOCK_CAPTURE_AUTORELEASING = YES;
				CLANG_WARN_BOOL_CONVERSION = YES;
				CLANG_WARN_COMMA = YES;
				CLANG_WARN_CONSTANT_CONVERSION = YES;
				CLANG_WARN_DEPRECATED_OBJC_IMPLEMENTATIONS = YES;
				CLANG_WARN_DIRECT_OBJC_ISA_USAGE = YES_ERROR;
				CLANG_WARN_DOCUMENTATION_COMMENTS = YES;
				CLANG_WARN_EMPTY_BODY = YES;
				CLANG_WARN_ENUM_CONVERSION = YES;
				CLANG_WARN_INFINITE_RECURSION = YES;
				CLANG_WARN_INT_CONVERSION = YES;
				CLANG_WARN_NON_LITERAL_NULL_CONVERSION = YES;
				CLANG_WARN_OBJC_IMPLICIT_RETAIN_SELF = YES;
				CLANG_WARN_OBJC_LITERAL_CONVERSION = YES;
				CLANG_WARN_OBJC_ROOT_CLASS = YES_ERROR;
				CLANG_WARN_RANGE_LOOP_ANALYSIS = YES;
				CLANG_WARN_STRICT_PROTOTYPES = YES;
				CLANG_WARN_SUSPICIOUS_MOVE = YES;
				CLANG_WARN_UNGUARDED_AVAILABILITY = YES_AGGRESSIVE;
				CLANG_WARN_UNREACHABLE_CODE = YES;
				CLANG_WARN__DUPLICATE_METHOD_MATCH = YES;
				COPY_PHASE_STRIP = NO;
				DEBUG_INFORMATION_FORMAT = dwarf;
				ENABLE_STRICT_OBJC_MSGSEND = YES;
				ENABLE_TESTABILITY = YES;
				GCC_C_LANGUAGE_STANDARD = gnu11;
				GCC_DYNAMIC_NO_PIC = NO;
				GCC_NO_COMMON_BLOCKS = YES;
				GCC_OPTIMIZATION_LEVEL = 0;
				GCC_PREPROCESSOR_DEFINITIONS = (
					"DEBUG=1",
					"$(inherited)",
				);
				GCC_WARN_64_TO_32_BIT_CONVERSION = YES;
				GCC_WARN_ABOUT_RETURN_TYPE = YES_ERROR;
				GCC_WARN_UNDECLARED_SELECTOR = YES;
				GCC_WARN_UNINITIALIZED_AUTOS = YES_AGGRESSIVE;
				GCC_WARN_UNUSED_FUNCTION = YES;
				GCC_WARN_UNUSED_VARIABLE = YES;
				IPHONEOS_DEPLOYMENT_TARGET = 13.2;
				MTL_ENABLE_DEBUG_INFO = INCLUDE_SOURCE;
				MTL_FAST_MATH = YES;
				ONLY_ACTIVE_ARCH = YES;
				SDKROOT = iphoneos;
				SWIFT_ACTIVE_COMPILATION_CONDITIONS = DEBUG;
				SWIFT_OPTIMIZATION_LEVEL = "-Onone";
			};
			name = Debug;
		};
		A1D09C46241532B8003C753D /* Release */ = {
			isa = XCBuildConfiguration;
			buildSettings = {
				ALWAYS_SEARCH_USER_PATHS = NO;
				CLANG_ANALYZER_NONNULL = YES;
				CLANG_ANALYZER_NUMBER_OBJECT_CONVERSION = YES_AGGRESSIVE;
				CLANG_CXX_LANGUAGE_STANDARD = "gnu++14";
				CLANG_CXX_LIBRARY = "libc++";
				CLANG_ENABLE_MODULES = YES;
				CLANG_ENABLE_OBJC_ARC = YES;
				CLANG_ENABLE_OBJC_WEAK = YES;
				CLANG_WARN_BLOCK_CAPTURE_AUTORELEASING = YES;
				CLANG_WARN_BOOL_CONVERSION = YES;
				CLANG_WARN_COMMA = YES;
				CLANG_WARN_CONSTANT_CONVERSION = YES;
				CLANG_WARN_DEPRECATED_OBJC_IMPLEMENTATIONS = YES;
				CLANG_WARN_DIRECT_OBJC_ISA_USAGE = YES_ERROR;
				CLANG_WARN_DOCUMENTATION_COMMENTS = YES;
				CLANG_WARN_EMPTY_BODY = YES;
				CLANG_WARN_ENUM_CONVERSION = YES;
				CLANG_WARN_INFINITE_RECURSION = YES;
				CLANG_WARN_INT_CONVERSION = YES;
				CLANG_WARN_NON_LITERAL_NULL_CONVERSION = YES;
				CLANG_WARN_OBJC_IMPLICIT_RETAIN_SELF = YES;
				CLANG_WARN_OBJC_LITERAL_CONVERSION = YES;
				CLANG_WARN_OBJC_ROOT_CLASS = YES_ERROR;
				CLANG_WARN_RANGE_LOOP_ANALYSIS = YES;
				CLANG_WARN_STRICT_PROTOTYPES = YES;
				CLANG_WARN_SUSPICIOUS_MOVE = YES;
				CLANG_WARN_UNGUARDED_AVAILABILITY = YES_AGGRESSIVE;
				CLANG_WARN_UNREACHABLE_CODE = YES;
				CLANG_WARN__DUPLICATE_METHOD_MATCH = YES;
				COPY_PHASE_STRIP = NO;
				DEBUG_INFORMATION_FORMAT = "dwarf-with-dsym";
				ENABLE_NS_ASSERTIONS = NO;
				ENABLE_STRICT_OBJC_MSGSEND = YES;
				GCC_C_LANGUAGE_STANDARD = gnu11;
				GCC_NO_COMMON_BLOCKS = YES;
				GCC_WARN_64_TO_32_BIT_CONVERSION = YES;
				GCC_WARN_ABOUT_RETURN_TYPE = YES_ERROR;
				GCC_WARN_UNDECLARED_SELECTOR = YES;
				GCC_WARN_UNINITIALIZED_AUTOS = YES_AGGRESSIVE;
				GCC_WARN_UNUSED_FUNCTION = YES;
				GCC_WARN_UNUSED_VARIABLE = YES;
				IPHONEOS_DEPLOYMENT_TARGET = 13.2;
				MTL_ENABLE_DEBUG_INFO = NO;
				MTL_FAST_MATH = YES;
				SDKROOT = iphoneos;
				SWIFT_COMPILATION_MODE = wholemodule;
				SWIFT_OPTIMIZATION_LEVEL = "-O";
				VALIDATE_PRODUCT = YES;
			};
			name = Release;
		};
		A1D09C48241532B8003C753D /* Debug */ = {
			isa = XCBuildConfiguration;
			buildSettings = {
				ASSETCATALOG_COMPILER_APPICON_NAME = AppIcon;
				CODE_SIGN_STYLE = Automatic;
				DEVELOPMENT_ASSET_PATHS = "\"CupcakeCorner_10/Preview Content\"";
				DEVELOPMENT_TEAM = J437U9AE67;
				ENABLE_PREVIEWS = YES;
				INFOPLIST_FILE = CupcakeCorner_10/Info.plist;
				LD_RUNPATH_SEARCH_PATHS = (
					"$(inherited)",
					"@executable_path/Frameworks",
				);
				PRODUCT_BUNDLE_IDENTIFIER = "kun.dr.com.CupcakeCorner-10";
				PRODUCT_NAME = "$(TARGET_NAME)";
				SWIFT_VERSION = 5.0;
				TARGETED_DEVICE_FAMILY = "1,2";
			};
			name = Debug;
		};
		A1D09C49241532B8003C753D /* Release */ = {
			isa = XCBuildConfiguration;
			buildSettings = {
				ASSETCATALOG_COMPILER_APPICON_NAME = AppIcon;
				CODE_SIGN_STYLE = Automatic;
				DEVELOPMENT_ASSET_PATHS = "\"CupcakeCorner_10/Preview Content\"";
				DEVELOPMENT_TEAM = J437U9AE67;
				ENABLE_PREVIEWS = YES;
				INFOPLIST_FILE = CupcakeCorner_10/Info.plist;
				LD_RUNPATH_SEARCH_PATHS = (
					"$(inherited)",
					"@executable_path/Frameworks",
				);
				PRODUCT_BUNDLE_IDENTIFIER = "kun.dr.com.CupcakeCorner-10";
				PRODUCT_NAME = "$(TARGET_NAME)";
				SWIFT_VERSION = 5.0;
				TARGETED_DEVICE_FAMILY = "1,2";
			};
			name = Release;
		};
/* End XCBuildConfiguration section */

/* Begin XCConfigurationList section */
		A1D09C2E241532B7003C753D /* Build configuration list for PBXProject "CupcakeCorner_10" */ = {
			isa = XCConfigurationList;
			buildConfigurations = (
				A1D09C45241532B8003C753D /* Debug */,
				A1D09C46241532B8003C753D /* Release */,
			);
			defaultConfigurationIsVisible = 0;
			defaultConfigurationName = Release;
		};
		A1D09C47241532B8003C753D /* Build configuration list for PBXNativeTarget "CupcakeCorner_10" */ = {
			isa = XCConfigurationList;
			buildConfigurations = (
				A1D09C48241532B8003C753D /* Debug */,
				A1D09C49241532B8003C753D /* Release */,
			);
			defaultConfigurationIsVisible = 0;
			defaultConfigurationName = Release;
		};
/* End XCConfigurationList section */
	};
	rootObject = A1D09C2B241532B7003C753D /* Project object */;
}
